{
  "version": "5",
  "redirects": {
    "https://esm.sh/tinyest@~0.1.0?target=denonext": "https://esm.sh/tinyest@0.1.1?target=denonext",
    "https://esm.sh/tinyest@~0.1.1?target=denonext": "https://esm.sh/tinyest@0.1.1?target=denonext",
    "https://esm.sh/typed-binary@^4.0.1?target=denonext": "https://esm.sh/typed-binary@4.3.2?target=denonext",
    "https://esm.sh/typed-binary@^4.2.0?target=denonext": "https://esm.sh/typed-binary@4.3.2?target=denonext",
    "https://esm.sh/typed-binary@^4.3.0?target=denonext": "https://esm.sh/typed-binary@4.3.2?target=denonext",
    "https://esm.sh/typed-binary@^4.3.1?target=denonext": "https://esm.sh/typed-binary@4.3.2?target=denonext"
  },
  "remote": {
    "https://esm.sh/tinyest@0.1.1/denonext/tinyest.mjs": "4cbba4ac690c549d309a2f610be2d6da20799b3ddfb095eef868d959b990c168",
    "https://esm.sh/tinyest@0.1.1?target=denonext": "aa8dfd337e38ac13c20f77906b1419213c2cb1553216fea9a7ee1e14f097b3c6",
    "https://esm.sh/typed-binary@4.3.2/denonext/typed-binary.mjs": "45bf558c69af832ea84ea999f17ccabef85e3e2e310ecaa5dfe3b28bba59f376",
    "https://esm.sh/typed-binary@4.3.2?target=denonext": "5ff27db815eea664864016d1ed0dc33ec12ebbdb0d7245f1cf4e73a093c4cecf",
    "https://esm.sh/typegpu@0.0.0": "a7fedbdefdba9fd93f8bddbb1875472f86424c2236c7e5ff2f982519f09940ee",
    "https://esm.sh/typegpu@0.0.0-alpha.1": "b1e215ce14ce6feb1ab704d08540ed47dce8b871c516d0d185f809b58b801048",
    "https://esm.sh/typegpu@0.0.0-alpha.1/denonext/typegpu.mjs": "2f3f43ad6e751b937f3ec44d80cc4c454c42d695cff74d6ca767c5612fdf8774",
    "https://esm.sh/typegpu@0.0.0-alpha.2": "d86b78de4e923966582a6913f3335acd4164ead0767f7ef1e704e4877b013241",
    "https://esm.sh/typegpu@0.0.0-alpha.2/denonext/typegpu.mjs": "4e5af553359772133f14202677f72473526ff66334eb92a7a9ce259e8166a013",
    "https://esm.sh/typegpu@0.0.0-alpha.3": "dc2bee3824590b3fe17bb65e3d2c7644bf163f269440f5a3861ae7e274fa4903",
    "https://esm.sh/typegpu@0.0.0-alpha.3/denonext/chunk-K6N2A55L.mjs": "0396ff25c5ec5a77ca1195e0d56fb97939dbfd2db02cf166b1fbb7cc4cd63c4d",
    "https://esm.sh/typegpu@0.0.0-alpha.3/denonext/chunk-NTGWE7PR.mjs": "de211a5d96d445429342c71b77cd7c51ac86732622e42480f174d102958e0046",
    "https://esm.sh/typegpu@0.0.0-alpha.3/denonext/typegpu.mjs": "d0213ea89c046373c55e79a6bf5417f726c6a9aa007041f428324207f8792e5c",
    "https://esm.sh/typegpu@0.0.0-alpha.4": "ab1d8b2ef45b8f3dbd2d0411b4a65cd32b70f42603cfa133cd98464050e8ffe8",
    "https://esm.sh/typegpu@0.0.0-alpha.4/denonext/typegpu.mjs": "b3d8afd0e2da7c4e1a664acff722a8baa4c331efce2eacebbb2ee6ca8106443f",
    "https://esm.sh/typegpu@0.0.0-alpha.5": "8198f354050eb2fe96d4ff9e2eaa18a933142c9528cad4af525315f1e7cbcbc9",
    "https://esm.sh/typegpu@0.0.0-alpha.5/denonext/typegpu.mjs": "86e891abfd02d51dda1f6d8ae6140f7c95f13f5803bf6fd7af80bc27c7ce8100",
    "https://esm.sh/typegpu@0.0.0-alpha.6": "b7c02ce2f5667144d73294373834c39c31f093266d8337086590336ce90a7d27",
    "https://esm.sh/typegpu@0.0.0-alpha.6/denonext/typegpu.mjs": "def72f718a9e74c4c7ab3015ab1ef9d1ddf03ff61c93cd62cec189df5833089f",
    "https://esm.sh/typegpu@0.0.0-alpha.7": "930982e194efc3c344221cce0208087e79da4d5bdaca38f020686d7fb255b32d",
    "https://esm.sh/typegpu@0.0.0-alpha.7/denonext/typegpu.mjs": "412c1b25fb45e7ad949c7e87fa60216d1f9103cde70f9567f9dc33483a255970",
    "https://esm.sh/typegpu@0.0.0/denonext/dist/chunk-JJZKRDXD.mjs": "34a90c8c007fdff02723910dd6fa4c66dbb09c8c9398494a2d08c7f90ae3bc89",
    "https://esm.sh/typegpu@0.0.0/denonext/dist/chunk-OZ2XZ4ZA.mjs": "592d44b43f21bf660b0eee7fb1eaec70498e36a0965db5688b8ef6c37da2698d",
    "https://esm.sh/typegpu@0.0.0/denonext/dist/chunk-TVPC7ZME.mjs": "497c39000ac5d9b817c7418cf6948cd8836a44ac9b77761effa30fc2d42b47a1",
    "https://esm.sh/typegpu@0.0.0/denonext/dist/chunk-XGSMOADT.mjs": "4a0bf1cf39731860bbf7ef5c7f957adc4558d51b5d80f54a73b98c2cbbf17b5b",
    "https://esm.sh/typegpu@0.0.0/denonext/typegpu.mjs": "65ea1059831f2b3bab76e4fb7fdb5e6d49a229b035c798350deeb92f1c127104",
    "https://esm.sh/typegpu@0.1.0": "c7b9e610715d966fdaa7381ee95b4df06fc30c470648609ce895c4303ed7191b",
    "https://esm.sh/typegpu@0.1.0/denonext/typegpu.mjs": "773119f2d1f8733ee9b08f0a88f229fefd130aace92149bf419ce0222da16432",
    "https://esm.sh/typegpu@0.1.1": "4e7f592db0429c2dd930ee1eb273a310b0d991d89fb6641f8681819763a10ea6",
    "https://esm.sh/typegpu@0.1.1/denonext/typegpu.mjs": "95f976342d0f8ed7f660a9786be3a475735ee2012ac36d27a1fb5cd08b686741",
    "https://esm.sh/typegpu@0.1.2": "fbde95858e0da8033240bd31698643a74070e10f2c54194fac9892076b4c588e",
    "https://esm.sh/typegpu@0.1.2/denonext/typegpu.mjs": "31ed8c717ccf0f71c47fcaab27d745b28c8ab96f01ae7f206cbc0f72fddfcef6",
    "https://esm.sh/typegpu@0.1.3": "d557b3c54e9a5ce63d7b97c55c048724ad92847507a573472f4680a573a0412a",
    "https://esm.sh/typegpu@0.1.3/denonext/typegpu.mjs": "2c52a2507ec5c2737f33a6c7ecdd3ce27888c803c77fb6fda17643c2231138bf",
    "https://esm.sh/typegpu@0.2.0": "f4926df16b4b631c97682fcdfef7dceafd718579adc39477efc4ea74ad5e48e6",
    "https://esm.sh/typegpu@0.2.0-alpha.0": "c94e8db97daefd47045c0fbdaa109ffaae3e5c5a2b9fe792449195b79f764634",
    "https://esm.sh/typegpu@0.2.0-alpha.0/denonext/typegpu.mjs": "8a6e9317144715f634e9431255ce5252621156ca8b4795e7814b1764f68bac0e",
    "https://esm.sh/typegpu@0.2.0/denonext/typegpu.mjs": "991599a75a9994a63b65fcdba85d81558a029687ddbcddcef5b5565f8ae57d65",
    "https://esm.sh/typegpu@0.2.1": "24d30eeb2c2a5f153fc6757502a96aefe657cebca26bb5bbf1e2d7095859ad25",
    "https://esm.sh/typegpu@0.2.1/denonext/typegpu.mjs": "20c675d80dfeb54ca368b10018cfb7fab5092655742f6db81779c2b76bed74c7",
    "https://esm.sh/typegpu@0.2.2": "8935b5f9ac57f008d7da9ddf7d193211c2c484a9178181bf2d8bc94206d7464d",
    "https://esm.sh/typegpu@0.2.2/denonext/typegpu.mjs": "96ff6983d898b58fb168e919a032c9d5aae1816625686c61ed112456b03ebc49",
    "https://esm.sh/typegpu@0.3.0": "9870eea10f1406f396a323fd3b68dccdf7853d082259cb0880b1f352e731ccc6",
    "https://esm.sh/typegpu@0.3.0-alpha.1": "338de007b26dacb7f1291218e39a2c7efaaf788c7ded539ef8dfc1b112568662",
    "https://esm.sh/typegpu@0.3.0-alpha.1/denonext/typegpu.mjs": "4e9ef2132b8d0b7d20626417518a9065c49c4847ab30f49e9d34f6a854b18d3d",
    "https://esm.sh/typegpu@0.3.0-alpha.2": "441281cf2d10d4f7d8cf695f9b6e84b2ed30d478fd5969d66fbc35c2da3dae8f",
    "https://esm.sh/typegpu@0.3.0-alpha.2/denonext/typegpu.mjs": "66a8bb8f0653da405a8667db93a2ee790b71ac4c4d6d0a70709d194cd58e1b14",
    "https://esm.sh/typegpu@0.3.0-alpha.3": "e080279d1727c0d7bb6c36df8da891e37586c4d4bf7430f3fa2da03f8e4913ba",
    "https://esm.sh/typegpu@0.3.0-alpha.3/denonext/typegpu.mjs": "8d15ce84755b1a17859225bdf56850fbfa2beec0fa91afb27c1e03df8b8893d1",
    "https://esm.sh/typegpu@0.3.0-alpha.4": "066c45cb560a8979f0858b2cdca30259b3575f497e4e2d31d115e62884e4c97f",
    "https://esm.sh/typegpu@0.3.0-alpha.4/denonext/typegpu.mjs": "370d7e04658ab2955f04b55fcf8d3e207006901f950f584d6bb662c52a67f9e2",
    "https://esm.sh/typegpu@0.3.0-alpha.5": "887775dc9e7e9185830da18d9e22e06bb9ef1b2c41bc8e8a64e060ed6c1b370e",
    "https://esm.sh/typegpu@0.3.0-alpha.5/denonext/typegpu.mjs": "bc7b52e14d3c04e013c09a4c56232e48b43e5a68e3fa6bd9989a7dc42a993105",
    "https://esm.sh/typegpu@0.3.0-alpha.6": "5b1e25b19f75fe794fbb2967647d2034419f584ec6fe01f68dd04dfbf16adf43",
    "https://esm.sh/typegpu@0.3.0-alpha.6/denonext/typegpu.mjs": "38e1b28e58bfd2a4d11f53d054ff401dbcfee724c66b35e3dc55e4b60d326f1c",
    "https://esm.sh/typegpu@0.3.0-alpha.7": "4a9a0c841e7214b1a397b1552a108402989ff6de994d6040fe8eeb2e6b9a6b3f",
    "https://esm.sh/typegpu@0.3.0-alpha.7/denonext/typegpu.mjs": "d2230509b9fcddfe34000314c3cf8d0e1c8c8c05a9887752b8442fe43bde86eb",
    "https://esm.sh/typegpu@0.3.0/denonext/typegpu.mjs": "24975198083fee613b5c6b98390512e4ccae30977ca0513adaf69c8a3558fcff",
    "https://esm.sh/typegpu@0.3.1": "ca5b9a3617209869081a903b143e4c4e7555fbdda207f382099ff545e2ee2109",
    "https://esm.sh/typegpu@0.3.1/denonext/chunk-BGPVBIFN.mjs": "7520c2d81b2ccc581ed4c367e27bb0322b1fe18e184e4f4398c3647af60dd8b6",
    "https://esm.sh/typegpu@0.3.1/denonext/chunk-MCUGRE3S.mjs": "992818be665f38ef3305190a762332dc94060a89e2ff09f4c5078a8785e58053",
    "https://esm.sh/typegpu@0.3.1/denonext/typegpu.mjs": "9ee6d424d3d998657e9996021fb1ebe525396bec8e1cc5ebf7096d6579625fe3",
    "https://esm.sh/typegpu@0.3.2": "9861186c2d8111a2789c645c9206685974bebe874499f1485e931f5f7cb9a274",
    "https://esm.sh/typegpu@0.3.2/denonext/chunk-BGPVBIFN.mjs": "bea42e6c21e7e397324208025d9371fc8f906efca3326aadc277c209c3e8d982",
    "https://esm.sh/typegpu@0.3.2/denonext/chunk-MCUGRE3S.mjs": "8c7663507429433992db7d7f85653091dbb4284ebf63cf076e473aae3676a95f",
    "https://esm.sh/typegpu@0.3.2/denonext/typegpu.mjs": "c64ba8f0ba76be3a5179435462b8153f30c732f2683cf57812578b35720ea2e1",
    "https://esm.sh/typegpu@0.3.3": "3d0ce9a04f28c3c7938f3cb1faaa0e2d7e2c3326eeffede75ad1591b7b9bab05",
    "https://esm.sh/typegpu@0.3.3/denonext/chunk-2ZAQFPSX.mjs": "1760759b695d08101b19827de2134cce58806d22ae07409f4f05e1ecc5931a5e",
    "https://esm.sh/typegpu@0.3.3/denonext/chunk-DDEF2Y4S.mjs": "3fb7bf619753ea239d99ab85be0252d0ce58585594c2e86fec09b657866d7e46",
    "https://esm.sh/typegpu@0.3.3/denonext/typegpu.mjs": "5fb7c592b395c50dfec235715d77a4b672a7e3af7f7c81fb01daf93c8f7cf9f9",
    "https://esm.sh/typegpu@0.3.4": "6efd2b86dba957445a304626afe4493d6116e7e23a8fe1787e85dc73edbcdc1d",
    "https://esm.sh/typegpu@0.3.4/denonext/chunk-A2QB4MSZ.mjs": "c6035d3bb38c28a13eef7657d4d041faf49ccb7a4cb1a7262de1373e45427f53",
    "https://esm.sh/typegpu@0.3.4/denonext/chunk-RW6OZYQI.mjs": "4016ccc2e413251aadce72ddd2152d4a6c4d20ab8c2e8f745ee73399cac9e44a",
    "https://esm.sh/typegpu@0.3.4/denonext/typegpu.mjs": "04d85484f7db0de9dcc866881e882fa76907c38dda42b790e6111cacd365aea9",
    "https://esm.sh/typegpu@0.4.0": "2987778bbfd9afee0dd729f41a34bf6c49d301bf954211579d138026efb365c0",
    "https://esm.sh/typegpu@0.4.0/denonext/chunk-SDSDWWKW.mjs": "70cd88595901b982107fc92102faa98e36137a83b596c92e8a7e1cf5341ec153",
    "https://esm.sh/typegpu@0.4.0/denonext/chunk-YLI4IK35.mjs": "93860e7bb4a8fba067c114375db6675ef1199930e73f97f02c9748e2c37b1ab5",
    "https://esm.sh/typegpu@0.4.0/denonext/typegpu.mjs": "c879e3ab372e26b116ff43d9c56fb92572927746e7995bfa1ebb7cf85dba0895",
    "https://esm.sh/typegpu@0.4.1": "dd7cf9a3ab37fa2e1c955684a01839c3330c489626e3a4c1f7ab8585a472f98e",
    "https://esm.sh/typegpu@0.4.1/denonext/chunk-SDSDWWKW.mjs": "4ded07b76f9eccd3c21a07ae6c53ef4be0e75b0ed3286390f050d301490dc87b",
    "https://esm.sh/typegpu@0.4.1/denonext/chunk-YLI4IK35.mjs": "1cd59b61467664553e937b209a9499ac61e5eef93d3e1a2f3650a9f36bb8668f",
    "https://esm.sh/typegpu@0.4.1/denonext/typegpu.mjs": "7438e5328848775f9002f5b095f77ee1c8d4efa0c211d537b7ec85a59bb8c735",
    "https://esm.sh/typegpu@0.4.2": "f598d3daef09770ef058492978c47e3891c1a3cf3124d37dc79b685b7b822897",
    "https://esm.sh/typegpu@0.4.2-alpha.1": "facff7908891285e660b2f9ce0023c0c7e9cb654cb6acc714f71ab6964874bb9",
    "https://esm.sh/typegpu@0.4.2-alpha.1/denonext/chunk-C5JKINT2.mjs": "634042eb376fbf880c07c14998e1522c5746b791398503546445fcb36bfc63cf",
    "https://esm.sh/typegpu@0.4.2-alpha.1/denonext/chunk-IHC2SDHN.mjs": "63281f6af5bd149177da516e23ec6e6daeb1ff9eacda9bdf82a6f37d249e741d",
    "https://esm.sh/typegpu@0.4.2-alpha.1/denonext/typegpu.mjs": "5de7789485dbf547cdbd32b894586501432bd6eda0c579490ad6e30662abec02",
    "https://esm.sh/typegpu@0.4.2/denonext/chunk-C5JKINT2.mjs": "133ec691eda7cbaeb5075947e0b296b6e89784abbc9e1c90b6dc8d703e732dc7",
    "https://esm.sh/typegpu@0.4.2/denonext/chunk-IHC2SDHN.mjs": "7876441e1d10fcf78a0a942436bf1e1ed91e7f144785bdb6bfe29e4c89cbeb37",
    "https://esm.sh/typegpu@0.4.2/denonext/typegpu.mjs": "84e511244c5cfd2b38d7d9333ef166c7890cd3b6d5aa3a346d44dba97588819c",
    "https://esm.sh/typegpu@0.4.3": "f27187765e98894c78c1101347d672fd2757a9d64dfe546c140198f0b0e3ee75",
    "https://esm.sh/typegpu@0.4.3/denonext/chunk-OERXDFXG.mjs": "e3bdec37587c9fb66d01df591b81ea4db8a5f9c9ce93953c9f72bafb6fc374cc",
    "https://esm.sh/typegpu@0.4.3/denonext/chunk-ZHXAQ2YE.mjs": "a5e50102bce374375d2e09ed51f3a3116cb0e091a8ac2f6ad83d46d04ea287b0",
    "https://esm.sh/typegpu@0.4.3/denonext/typegpu.mjs": "647bc82713b3e26a8d8ca436c7fc4bfa513528aa5b0f6c64653a0e4738ea19a3",
    "https://esm.sh/typegpu@0.4.4": "d16c7738283f5c21dd06a9e19e6baad7acc618b0808d030683ed0bb9de14d128",
    "https://esm.sh/typegpu@0.4.4/denonext/chunk-ZHXAQ2YE.mjs": "ceeb0af2002b5d9fc8de1ce1bd947dbf6285d7567b8441834ce2cf3cf1e0063b",
    "https://esm.sh/typegpu@0.4.4/denonext/chunk-ZJMGYM7L.mjs": "49bed0a94768c28ed9857a7da2d6b06654f5504a848e2613c6db6c19e5eec359",
    "https://esm.sh/typegpu@0.4.4/denonext/typegpu.mjs": "1c49a5e1578548cbc9e8db341e9f241c65a385df901e0b233b99124f42e6d676",
    "https://esm.sh/typegpu@0.4.5": "20e7a6dfa8d911775e60144f6adfb691258b70f762efb3815a7a1e5860bc6b70",
    "https://esm.sh/typegpu@0.4.5/denonext/chunk-7S2KQX6O.mjs": "590c839a66a1b28acfde00f8f8160fa2f3a39906619cac3acd80eec2e313774c",
    "https://esm.sh/typegpu@0.4.5/denonext/chunk-JSF3RDCP.mjs": "6aefbb687cbf7c11216d587f490998271556a121f7a423a8478e5aa774d2c834",
    "https://esm.sh/typegpu@0.4.5/denonext/typegpu.mjs": "297de148d1daee6e77acdd32f5c02dfe8bd6ba54e9ccd7b089b14499d9fb85de",
    "https://esm.sh/typegpu@0.4.6": "92ca7f0ce1f47c2039036df0d6b0abd9a6c5a5d856dc02fe02e6d64f88a275d9",
    "https://esm.sh/typegpu@0.4.6/denonext/typegpu.mjs": "40395850b5c18969714860342d1e66428b21f3dcc6ed5d5de34ca34a7623eeb3",
    "https://esm.sh/typegpu@0.5.0": "bb8b250fad95dfcdbc77308254249eec07dd7c968e80dd74c4797f69e9f15107",
    "https://esm.sh/typegpu@0.5.0/denonext/typegpu.mjs": "521ee54b993d33e9a2f1a67bf2d8e2a1bf7e53c846dd29cb8de8b724b668797f",
    "https://esm.sh/typegpu@0.5.1": "531b26b9b4a89901b257307bf470db844b607ebea9c6a8adc88fb6898f422084",
    "https://esm.sh/typegpu@0.5.1/denonext/chunk-DR55IHDD.mjs": "154d41007bd9b4ac4b8828c03241e79a4bfa1e36c7c0f7faaf0710b7d6e5b00d",
    "https://esm.sh/typegpu@0.5.1/denonext/chunk-KVOFUY5A.mjs": "55e6e6533bd9e59c7d4269a78fe1582ee8f3c346cbce6ce55450a211c49cd46d",
    "https://esm.sh/typegpu@0.5.1/denonext/chunk-VOFHV4Z6.mjs": "b3629e8a7f2a5358aaf08e21a665a070b837954201e63b585297aff74fd38a1f",
    "https://esm.sh/typegpu@0.5.1/denonext/typegpu.mjs": "ab4a9cc40c54d17af162396d7dcafe00eff1652e51105666cea86d680cea43bf",
    "https://esm.sh/typegpu@0.5.2": "bb718f9988ad210d1beb845410957be95cecd05b24b8aaa137e0b47cf8c6f4c3",
    "https://esm.sh/typegpu@0.5.2/denonext/chunk-DR55IHDD.mjs": "d243ab0812a290fdaecde212972c612fb1941359f3a93627438003ecfd4b9c1d",
    "https://esm.sh/typegpu@0.5.2/denonext/chunk-KVOFUY5A.mjs": "44ffdda6555512e941b2ca00ace8b41f7acad295aff2a0faaf6511ed2a68adfa",
    "https://esm.sh/typegpu@0.5.2/denonext/chunk-VOFHV4Z6.mjs": "2ff4c17a097ef8e67471f84a7168bfd30694185286dfe94fe09c7557c1d02d40",
    "https://esm.sh/typegpu@0.5.2/denonext/typegpu.mjs": "f327e7096692d073dd592f7ffae874953d90260f2aedec1b66e9d71d0830337e",
    "https://esm.sh/typegpu@0.5.3": "d15ef53a7aac634d3b736368e05108acc3010082812f8f97918dd964d140dca0",
    "https://esm.sh/typegpu@0.5.3/denonext/typegpu.mjs": "eaca830075033a78791da95e59eaffbcb7c9a54f471be1d741b8ae272a638656",
    "https://esm.sh/typegpu@0.5.4": "dc01929343e7456c7e47334285fda1b5271e8bf160950c87482aeb692593ab05",
    "https://esm.sh/typegpu@0.5.4/denonext/typegpu.mjs": "ef58b546a163f13325e634f7a5c1a750eb7aa8070497f0afd753ab5387284a6a",
    "https://esm.sh/typegpu@0.5.5": "78ca31be093d9237991b35cb50288e6a41e40cc4c5af17034edd5b656b93271d",
    "https://esm.sh/typegpu@0.5.5/denonext/typegpu.mjs": "4f675fb0073a06d821d639c23a0b5553a1a4f747dd2f21cf36312f2e8b6ee9ea",
    "https://esm.sh/typegpu@0.5.6": "f304e73adebf1e66cb9f1084da41473bd2607fe0c3385cb8547c64acf4864d57",
    "https://esm.sh/typegpu@0.5.6/denonext/typegpu.mjs": "21c4e31e33657c4a1b52a75362ca2d3b09792b02fc5c1f33dda0f9c24abf55e1",
    "https://esm.sh/typegpu@0.5.7": "02d6d516927b97f76cd865d070eda01297fcb0dfbc24ec0581c04b41d4ed0752",
    "https://esm.sh/typegpu@0.5.7/denonext/typegpu.mjs": "d45c291e54edb6042920255239cf9c81731cdbc6e76d1c1c2d258dfed4ae7e8f",
    "https://esm.sh/typegpu@0.5.8": "48af13cfbdcf004dabecf926371e3c10d39ba0b4b24cb6d9ed24abc10ae8dab2",
    "https://esm.sh/typegpu@0.5.8/denonext/chunk-L7HIBZAX.mjs": "d124dec7711e36caaf98b6a7b9aae8dc1eb1c95454b886a78c5a875d8a8cb100",
    "https://esm.sh/typegpu@0.5.8/denonext/chunk-SFECI7OX.mjs": "036fd27ca4423703b0fab43afc7a24c10c07bfd928f8927cbf33dcc5b6af0b83",
    "https://esm.sh/typegpu@0.5.8/denonext/chunk-SLWTVY6K.mjs": "c0dc655092b4361e191d18cb2787c0f75620b38aa297d86900c2d002fdc5197e",
    "https://esm.sh/typegpu@0.5.8/denonext/typegpu.mjs": "5b6851404564f9725d2a2c0197cdfc4ced5e3dae3d830a98a3bc326609f5f751",
    "https://esm.sh/typegpu@0.5.9": "51ab11b2b2890cdc3e5473edd716f9f709b7adf70c6bf7c3031daf26b45914cf",
    "https://esm.sh/typegpu@0.5.9/denonext/chunk-734H4JWF.mjs": "1665499ee7827e8cdd485540d74df0edfa1a8b1e64245f0e912c163d09c1e6c9",
    "https://esm.sh/typegpu@0.5.9/denonext/chunk-CGVYLGBG.mjs": "d35bf0a81f7e5838085fdf4cc4960fcf9b0b461719536d13bd1f8665768d466e",
    "https://esm.sh/typegpu@0.5.9/denonext/chunk-SWJVYRFM.mjs": "7f0a93c05fc049c4e9f725f0c4596e5301888c8078004da5d9760f84fc0c8aa5",
    "https://esm.sh/typegpu@0.5.9/denonext/typegpu.mjs": "e8c8ae89ca39cd14fd4881580339ff08bdcc3ef503b9d51973b4676112a889b0",
    "https://esm.sh/typegpu@0.6.0": "7c2f5b9da2ebf6c8d74dc439135d606edb8b3775566f46ef91384af33a673cd1",
    "https://esm.sh/typegpu@0.6.0/denonext/chunk-APTRHY5Y.mjs": "edaa3c551cccc2c703bb2a72c5f3bb62a80ca04d38c086da48983bc97e0a5001",
    "https://esm.sh/typegpu@0.6.0/denonext/chunk-RK6TMFVW.mjs": "ed014bf2c9d8ddf5c96ee19fbfedefedad16d2d0653bf5afc6ebc64c9f9295db",
    "https://esm.sh/typegpu@0.6.0/denonext/chunk-S62QJDM6.mjs": "f8abb82926597f962f8fe9a9f795541a4ad53460126e0335260030875a4f586a",
    "https://esm.sh/typegpu@0.6.0/denonext/typegpu.mjs": "0ab40ddd0502bd614bed2586c8740978ffd8b80778d08dc535c0ee750f5f6e7f",
    "https://esm.sh/typegpu@0.7.0": "7fa2a196ec7acb7ffdc20445b9fbf5f4af83df394569a226387efd99d346ce8a",
    "https://esm.sh/typegpu@0.7.0/denonext/chunk-IH2QU6TV.mjs": "9b0c80004366f1b386c68acd86008ce1ff592d178a7983b8844f00ed513d5500",
    "https://esm.sh/typegpu@0.7.0/denonext/chunk-S27MYQ6U.mjs": "e26853d43280e8086cf7a61d33b8b9f988b794c506ae9d7de77b8682f07e876a",
    "https://esm.sh/typegpu@0.7.0/denonext/typegpu.mjs": "907627d87507436899a153d51aae63739dfddb0671a2b2afb0549bf5e5b75964",
    "https://esm.sh/typegpu@0.7.1": "cc3e9509337ea4cae6c5d9bbce475b17eac41e5506fcfc190b994c8b96acf6a7",
    "https://esm.sh/typegpu@0.7.1/denonext/chunk-SAMYKEUN.mjs": "e700b91d80334c78ad1427114d11362e65f50fd7e19fe0811a6d97b7d3e027dc",
    "https://esm.sh/typegpu@0.7.1/denonext/chunk-WP6W72RY.mjs": "0129618951b2933d6eee83bb91a4342d748dba123bd10651128f13d8fddbe0da",
    "https://esm.sh/typegpu@0.7.1/denonext/typegpu.mjs": "32593ef4d8bbf3e08159002d3b70f23104e41d395f4a95a8fecf260c584bfb21"
  }
}
